PODS:
  - cubiomes_ffi (0.0.1):
    - Flutter
  - Flutter (1.0.0)

DEPENDENCIES:
  - cubiomes_ffi (from `.symlinks/plugins/cubiomes_ffi/ios`)
  - Flutter (from `Flutter`)

EXTERNAL SOURCES:
  cubiomes_ffi:
    :path: ".symlinks/plugins/cubiomes_ffi/ios"
  Flutter:
    :path: Flutter

SPEC CHECKSUMS:
  cubiomes_ffi: 3a8e1dbbe2611ef63f21da62a532fd3b7a9c61f1
  Flutter: cabc95a1d2626b1b06e7179b784ebcf0c0cde467

PODFILE CHECKSUM: 251cb053df7158f337c0712f2ab29f4e0fa474ce

COCOAPODS: 1.16.2
